
Microsoft Visual Studio Solution File, Format Version 12.00
# Visual Studio 15
VisualStudioVersion = 15.0.28010.2036
MinimumVisualStudioVersion = 10.0.40219.1
Project("{FAE04EC0-301F-11D3-BF4B-00C04F79EFBC}") = "HTMLDocument", "HTMLDocument\HTMLDocument.csproj", "{AA48E663-9B5E-4462-B4E9-BF8BF6F1B905}"
EndProject
Global
	GlobalSection(SolutionConfigurationPlatforms) = preSolution
		Debug|Any CPU = Debug|Any CPU
		Release|Any CPU = Release|Any CPU
	EndGlobalSection
	GlobalSection(ProjectConfigurationPlatforms) = postSolution
		{AA48E663-9B5E-4462-B4E9-BF8BF6F1B905}.Debug|Any CPU.ActiveCfg = Debug|Any CPU
		{AA48E663-9B5E-4462-B4E9-BF8BF6F1B905}.Debug|Any CPU.Build.0 = Debug|Any CPU
		{AA48E663-9B5E-4462-B4E9-BF8BF6F1B905}.Release|Any CPU.ActiveCfg = Release|Any CPU
		{AA48E663-9B5E-4462-B4E9-BF8BF6F1B905}.Release|Any CPU.Build.0 = Release|Any CPU
	EndGlobalSection
	GlobalSection(SolutionProperties) = preSolution
		HideSolutionNode = FALSE
	EndGlobalSection
	GlobalSection(ExtensibilityGlobals) = postSolution
		SolutionGuid = {15984E81-61C1-4038-A9BB-CB7267B4881B}
	EndGlobalSection
EndGlobal
